
Microsoft Visual Studio Solution File, Format Version 12.00
# Visual Studio 15
VisualStudioVersion = 15.0.28307.2017
MinimumVisualStudioVersion = 10.0.40219.1
Project("{FAE04EC0-301F-11D3-BF4B-00C04F79EFBC}") = "WindowsFormsApp1", "WindowsFormsApp1\WindowsFormsApp1.csproj", "{5DD6C8A6-635B-478A-B300-3A2986267DF7}"
EndProject
Global
	GlobalSection(SolutionConfigurationPlatforms) = preSolution
		Debug|Any CPU = Debug|Any CPU
		Release|Any CPU = Release|Any CPU
	EndGlobalSection
	GlobalSection(ProjectConfigurationPlatforms) = postSolution
		{5DD6C8A6-635B-478A-B300-3A2986267DF7}.Debug|Any CPU.ActiveCfg = Debug|Any CPU
		{5DD6C8A6-635B-478A-B300-3A2986267DF7}.Debug|Any CPU.Build.0 = Debug|Any CPU
		{5DD6C8A6-635B-478A-B300-3A2986267DF7}.Release|Any CPU.ActiveCfg = Release|Any CPU
		{5DD6C8A6-635B-478A-B300-3A2986267DF7}.Release|Any CPU.Build.0 = Release|Any CPU
	EndGlobalSection
	GlobalSection(SolutionProperties) = preSolution
		HideSolutionNode = FALSE
	EndGlobalSection
	GlobalSection(ExtensibilityGlobals) = postSolution
		SolutionGuid = {39770E86-130C-4C48-80F9-53A007FA374D}
	EndGlobalSection
EndGlobal
